github.com/ananthb/mandapam-theme v0.0.0-20260208091302-0ed23ff76c3a h1:e+yp6kmnyEumWKEBuycdOhGfYCSimG1Jb2tb2Ynn/tE=
github.com/ananthb/mandapam-theme v0.0.0-20260208091302-0ed23ff76c3a/go.mod h1:Rj0WVxFTGN9E24bEWYh3S3UDY1gGl1yjQnuyIWQEPWY=
github.com/ananthb/mandapam-theme v0.0.0-20260208100936-8346d6b03c06 h1:OYdcZdPriZI8TVBHVXKwK6aGU82D56Fwn59qsI+9+aE=
github.com/ananthb/mandapam-theme v0.0.0-20260208100936-8346d6b03c06/go.mod h1:nz3Tp+DaGHM93GkWkW4H2O1Wie90AKaJ7G47ysUNs0Q=
github.com/ananthb/mandapam-theme v0.1.0 h1:CEvhVO/VV8hRNQVHOaplL+Nb/ryCNXsX2/c3KzaFe8o=
github.com/ananthb/mandapam-theme v0.1.0/go.mod h1:nz3Tp+DaGHM93GkWkW4H2O1Wie90AKaJ7G47ysUNs0Q=
github.com/ananthb/mandapam-theme v0.2.0 h1:mLSo/3x84wCWWHzZfIfdKrMwgh5Wa+9mRNHr9FJ+NXM=
github.com/ananthb/mandapam-theme v0.2.0/go.mod h1:nz3Tp+DaGHM93GkWkW4H2O1Wie90AKaJ7G47ysUNs0Q=
github.com/ananthb/mandapam-theme v0.3.0 h1:LxXOLWfd49bFeMqTqfMf8WzDTIR8F5+/dbxn2rDiKg0=
github.com/ananthb/mandapam-theme v0.3.0/go.mod h1:nz3Tp+DaGHM93GkWkW4H2O1Wie90AKaJ7G47ysUNs0Q=
github.com/ananthb/mandapam-theme v0.4.0 h1:w+v3gh7C70eCLNtX+267Ejt1mtQquG1pD3jIqalzuVw=
github.com/ananthb/mandapam-theme v0.4.0/go.mod h1:nz3Tp+DaGHM93GkWkW4H2O1Wie90AKaJ7G47ysUNs0Q=
github.com/ananthb/mandapam-theme v0.4.1 h1:xhssk/VT+l65gOC3Rxn+m09rqgVoe1fjxAUGMfWULnE=
github.com/ananthb/mandapam-theme v0.4.1/go.mod h1:nz3Tp+DaGHM93GkWkW4H2O1Wie90AKaJ7G47ysUNs0Q=
github.com/ananthb/mandapam-theme v0.5.0 h1:6n4QYziE1WwJzRc4afNnVB4QY2CuDTXLVhPmuU0OGgw=
github.com/ananthb/mandapam-theme v0.5.0/go.mod h1:nz3Tp+DaGHM93GkWkW4H2O1Wie90AKaJ7G47ysUNs0Q=
github.com/ananthb/mandapam-theme v0.6.0 h1:ugBIQfXbqXyJtB7DgRiCGBbA508Tlol9p8vClyqYT44=
github.com/ananthb/mandapam-theme v0.6.0/go.mod h1:nz3Tp+DaGHM93GkWkW4H2O1Wie90AKaJ7G47ysUNs0Q=
github.com/ananthb/mandapam-theme v0.7.0 h1:cgQ9u2hwZTzrmS8BRp7ipRQKPrhBYSKhrd6JoJYv828=
github.com/ananthb/mandapam-theme v0.7.0/go.mod h1:nz3Tp+DaGHM93GkWkW4H2O1Wie90AKaJ7G47ysUNs0Q=
github.com/ananthb/mandapam-theme v0.9.1 h1:40yyMX8I7LPKD/UMBDuJfzJwB3oHuuw9C9wjb3ph+Pg=
github.com/ananthb/mandapam-theme v0.9.1/go.mod h1:nz3Tp+DaGHM93GkWkW4H2O1Wie90AKaJ7G47ysUNs0Q=
github.com/ananthb/mandapam-theme v0.9.2 h1:vg7Vej6E6Ef4Qds+ZuFfWgH9JGvTKnak+Kk5kd/WGrg=
github.com/ananthb/mandapam-theme v0.9.2/go.mod h1:nz3Tp+DaGHM93GkWkW4H2O1Wie90AKaJ7G47ysUNs0Q=
github.com/ananthb/mandapam-theme v0.9.3 h1:GU3+pqngjxKfdA+T8zb1eVMh7tP0ZtsQI+sst4kMvG0=
github.com/ananthb/mandapam-theme v0.9.3/go.mod h1:nz3Tp+DaGHM93GkWkW4H2O1Wie90AKaJ7G47ysUNs0Q=
github.com/ananthb/mandapam-theme v0.9.4 h1:jGLWqynhz2D64L7McVTwPd5/bwKMdvw+lpJ92eUJEMo=
github.com/ananthb/mandapam-theme v0.9.4/go.mod h1:nz3Tp+DaGHM93GkWkW4H2O1Wie90AKaJ7G47ysUNs0Q=
github.com/ananthb/mandapam-theme v0.9.5 h1:EGMV1N/Aw/kC8BSoLr8B33BTb0+Naj4+DZx/hTQXX7k=
github.com/ananthb/mandapam-theme v0.9.5/go.mod h1:nz3Tp+DaGHM93GkWkW4H2O1Wie90AKaJ7G47ysUNs0Q=
github.com/ananthb/mandapam-theme v0.10.0 h1:C5CSx9j5Emmw5X/lx1pJZkXZd4CLg0mTEdBZveAGQHU=
github.com/ananthb/mandapam-theme v0.10.0/go.mod h1:nz3Tp+DaGHM93GkWkW4H2O1Wie90AKaJ7G47ysUNs0Q=
