github.com/ananthb/mandapam-theme v0.10.17 h1:W9xQxPgrPaI33kPvYlMYq0oEdCIVV2BzxmzIQeb9XB4=
github.com/ananthb/mandapam-theme v0.10.17/go.mod h1:nz3Tp+DaGHM93GkWkW4H2O1Wie90AKaJ7G47ysUNs0Q=
github.com/ananthb/mandapam-theme v0.10.18 h1:nmd/AsI86erzwOKApjDXMGDqU2+j6oTvMdUe46TjUjo=
github.com/ananthb/mandapam-theme v0.10.18/go.mod h1:nz3Tp+DaGHM93GkWkW4H2O1Wie90AKaJ7G47ysUNs0Q=
github.com/ananthb/mandapam-theme v0.10.19 h1:VuvnmTgtSlNRxg9DmzAfqCWBrbF2SkPWi9cbOucYH6c=
github.com/ananthb/mandapam-theme v0.10.19/go.mod h1:nz3Tp+DaGHM93GkWkW4H2O1Wie90AKaJ7G47ysUNs0Q=
github.com/ananthb/mandapam-theme v0.10.20 h1:YUh7ti+p2G96GWOzsHbv5xz/iV/M99yAdILUS20ttZY=
github.com/ananthb/mandapam-theme v0.10.20/go.mod h1:nz3Tp+DaGHM93GkWkW4H2O1Wie90AKaJ7G47ysUNs0Q=
github.com/ananthb/mandapam-theme v0.11.0 h1:mRcDqzCnsl5PXqrA5abTRcqTFR9ktLPCnZdyyi9+YTo=
github.com/ananthb/mandapam-theme v0.11.0/go.mod h1:nz3Tp+DaGHM93GkWkW4H2O1Wie90AKaJ7G47ysUNs0Q=
github.com/ananthb/mandapam-theme v0.12.0 h1:JOgJIKSKOpZHkt71mTkT+BPDLXeyD7/b3HIY+CkWSzE=
github.com/ananthb/mandapam-theme v0.12.0/go.mod h1:nz3Tp+DaGHM93GkWkW4H2O1Wie90AKaJ7G47ysUNs0Q=
github.com/ananthb/mandapam-theme v0.12.1 h1:YWexk8Iw7UG7kh6/j2FUtbjzqL4vt6VqrYZ0I47WlmA=
github.com/ananthb/mandapam-theme v0.12.1/go.mod h1:nz3Tp+DaGHM93GkWkW4H2O1Wie90AKaJ7G47ysUNs0Q=
github.com/ananthb/mandapam-theme v0.12.3 h1:TFpk7QULj1H8/LTVMS6yIQbrliMDCluKkAUIbn0sBFM=
github.com/ananthb/mandapam-theme v0.12.3/go.mod h1:nz3Tp+DaGHM93GkWkW4H2O1Wie90AKaJ7G47ysUNs0Q=
