github.com/ananthb/mandapam-theme v0.10.17 h1:W9xQxPgrPaI33kPvYlMYq0oEdCIVV2BzxmzIQeb9XB4=
github.com/ananthb/mandapam-theme v0.10.17/go.mod h1:nz3Tp+DaGHM93GkWkW4H2O1Wie90AKaJ7G47ysUNs0Q=
github.com/ananthb/mandapam-theme v0.10.18 h1:nmd/AsI86erzwOKApjDXMGDqU2+j6oTvMdUe46TjUjo=
github.com/ananthb/mandapam-theme v0.10.18/go.mod h1:nz3Tp+DaGHM93GkWkW4H2O1Wie90AKaJ7G47ysUNs0Q=
github.com/ananthb/mandapam-theme v0.10.19 h1:VuvnmTgtSlNRxg9DmzAfqCWBrbF2SkPWi9cbOucYH6c=
github.com/ananthb/mandapam-theme v0.10.19/go.mod h1:nz3Tp+DaGHM93GkWkW4H2O1Wie90AKaJ7G47ysUNs0Q=
